
Microsoft Visual Studio Solution File, Format Version 12.00
# Visual Studio Version 17
VisualStudioVersion = 17.5.002.0
MinimumVisualStudioVersion = 10.0.40219.1
Project("{9A19103F-16F7-4668-BE54-9A1E7A4F7556}") = "enrollmentApp", "enrollmentApp.csproj", "{4FC6860C-9F57-4DDF-8165-C99E4EADFAC8}"
EndProject
Global
	GlobalSection(SolutionConfigurationPlatforms) = preSolution
		Debug|Any CPU = Debug|Any CPU
		Release|Any CPU = Release|Any CPU
	EndGlobalSection
	GlobalSection(ProjectConfigurationPlatforms) = postSolution
		{4FC6860C-9F57-4DDF-8165-C99E4EADFAC8}.Debug|Any CPU.ActiveCfg = Debug|Any CPU
		{4FC6860C-9F57-4DDF-8165-C99E4EADFAC8}.Debug|Any CPU.Build.0 = Debug|Any CPU
		{4FC6860C-9F57-4DDF-8165-C99E4EADFAC8}.Release|Any CPU.ActiveCfg = Release|Any CPU
		{4FC6860C-9F57-4DDF-8165-C99E4EADFAC8}.Release|Any CPU.Build.0 = Release|Any CPU
	EndGlobalSection
	GlobalSection(SolutionProperties) = preSolution
		HideSolutionNode = FALSE
	EndGlobalSection
	GlobalSection(ExtensibilityGlobals) = postSolution
		SolutionGuid = {12315882-8525-442C-A2E3-BA585D9EB23A}
	EndGlobalSection
EndGlobal
